// !$*UTF8*$!
{
	archiveVersion = 1;
	classes = {
	};
	objectVersion = 56;
	objects = {

/* Begin PBXBuildFile section */
		47E806992CE1D1070018B94B /* AppDelegate.swift in Sources */ = {isa = PBXBuildFile; fileRef = 47E806982CE1D1070018B94B /* AppDelegate.swift */; };
		47E8069B2CE1D1070018B94B /* SceneDelegate.swift in Sources */ = {isa = PBXBuildFile; fileRef = 47E8069A2CE1D1070018B94B /* SceneDelegate.swift */; };
		47E8069D2CE1D1070018B94B /* Portfolio.swift in Sources */ = {isa = PBXBuildFile; fileRef = 47E8069C2CE1D1070018B94B /* Portfolio.swift */; };
		47E806A02CE1D1070018B94B /* Main.storyboard in Resources */ = {isa = PBXBuildFile; fileRef = 47E8069E2CE1D1070018B94B /* Main.storyboard */; };
		47E806A22CE1D1090018B94B /* Assets.xcassets in Resources */ = {isa = PBXBuildFile; fileRef = 47E806A12CE1D1090018B94B /* Assets.xcassets */; };
		47E806A52CE1D1090018B94B /* LaunchScreen.storyboard in Resources */ = {isa = PBXBuildFile; fileRef = 47E806A32CE1D1090018B94B /* LaunchScreen.storyboard */; };
		47E806DA2CE1D6B80018B94B /* Holding.swift in Sources */ = {isa = PBXBuildFile; fileRef = 47E806D92CE1D6B80018B94B /* Holding.swift */; };
		47E806DB2CE1D6B80018B94B /* Holding.swift in Sources */ = {isa = PBXBuildFile; fileRef = 47E806D92CE1D6B80018B94B /* Holding.swift */; };
		47E806DD2CE1D6E20018B94B /* NetworkManager.swift in Sources */ = {isa = PBXBuildFile; fileRef = 47E806DC2CE1D6E20018B94B /* NetworkManager.swift */; };
		47E806DE2CE1D6E20018B94B /* NetworkManager.swift in Sources */ = {isa = PBXBuildFile; fileRef = 47E806DC2CE1D6E20018B94B /* NetworkManager.swift */; };
		47E806E02CE1D6EB0018B94B /* Utils.swift in Sources */ = {isa = PBXBuildFile; fileRef = 47E806DF2CE1D6EB0018B94B /* Utils.swift */; };
		47E806E12CE1D6EB0018B94B /* Utils.swift in Sources */ = {isa = PBXBuildFile; fileRef = 47E806DF2CE1D6EB0018B94B /* Utils.swift */; };
		47E806E52CE1D7250018B94B /* PortfolioTVCell.swift in Sources */ = {isa = PBXBuildFile; fileRef = 47E806E32CE1D7250018B94B /* PortfolioTVCell.swift */; };
		47E806E62CE1D7250018B94B /* PortfolioTVCell.swift in Sources */ = {isa = PBXBuildFile; fileRef = 47E806E32CE1D7250018B94B /* PortfolioTVCell.swift */; };
		47E806E72CE1D7250018B94B /* PortfolioTVCell.xib in Resources */ = {isa = PBXBuildFile; fileRef = 47E806E42CE1D7250018B94B /* PortfolioTVCell.xib */; };
		47E806E82CE1D7250018B94B /* PortfolioTVCell.xib in Resources */ = {isa = PBXBuildFile; fileRef = 47E806E42CE1D7250018B94B /* PortfolioTVCell.xib */; };
/* End PBXBuildFile section */

/* Begin PBXContainerItemProxy section */
		47E806AC2CE1D1090018B94B /* PBXContainerItemProxy */ = {
			isa = PBXContainerItemProxy;
			containerPortal = 47E8068D2CE1D1070018B94B /* Project object */;
			proxyType = 1;
			remoteGlobalIDString = 47E806942CE1D1070018B94B;
			remoteInfo = UpstoxAssignment;
		};
		47E806B62CE1D1090018B94B /* PBXContainerItemProxy */ = {
			isa = PBXContainerItemProxy;
			containerPortal = 47E8068D2CE1D1070018B94B /* Project object */;
			proxyType = 1;
			remoteGlobalIDString = 47E806942CE1D1070018B94B;
			remoteInfo = UpstoxAssignment;
		};
/* End PBXContainerItemProxy section */

/* Begin PBXFileReference section */
		47E806952CE1D1070018B94B /* UpstoxAssignment.app */ = {isa = PBXFileReference; explicitFileType = wrapper.application; includeInIndex = 0; path = UpstoxAssignment.app; sourceTree = BUILT_PRODUCTS_DIR; };
		47E806982CE1D1070018B94B /* AppDelegate.swift */ = {isa = PBXFileReference; lastKnownFileType = sourcecode.swift; path = AppDelegate.swift; sourceTree = "<group>"; };
		47E8069A2CE1D1070018B94B /* SceneDelegate.swift */ = {isa = PBXFileReference; lastKnownFileType = sourcecode.swift; path = SceneDelegate.swift; sourceTree = "<group>"; };
		47E8069C2CE1D1070018B94B /* Portfolio.swift */ = {isa = PBXFileReference; lastKnownFileType = sourcecode.swift; path = Portfolio.swift; sourceTree = "<group>"; };
		47E8069F2CE1D1070018B94B /* Base */ = {isa = PBXFileReference; lastKnownFileType = file.storyboard; name = Base; path = Base.lproj/Main.storyboard; sourceTree = "<group>"; };
		47E806A12CE1D1090018B94B /* Assets.xcassets */ = {isa = PBXFileReference; lastKnownFileType = folder.assetcatalog; path = Assets.xcassets; sourceTree = "<group>"; };
		47E806A42CE1D1090018B94B /* Base */ = {isa = PBXFileReference; lastKnownFileType = file.storyboard; name = Base; path = Base.lproj/LaunchScreen.storyboard; sourceTree = "<group>"; };
		47E806A62CE1D1090018B94B /* Info.plist */ = {isa = PBXFileReference; lastKnownFileType = text.plist.xml; path = Info.plist; sourceTree = "<group>"; };
		47E806AB2CE1D1090018B94B /* UpstoxAssignmentTests.xctest */ = {isa = PBXFileReference; explicitFileType = wrapper.cfbundle; includeInIndex = 0; path = UpstoxAssignmentTests.xctest; sourceTree = BUILT_PRODUCTS_DIR; };
		47E806B52CE1D1090018B94B /* UpstoxAssignmentUITests.xctest */ = {isa = PBXFileReference; explicitFileType = wrapper.cfbundle; includeInIndex = 0; path = UpstoxAssignmentUITests.xctest; sourceTree = BUILT_PRODUCTS_DIR; };
		47E806D92CE1D6B80018B94B /* Holding.swift */ = {isa = PBXFileReference; fileEncoding = 4; lastKnownFileType = sourcecode.swift; path = Holding.swift; sourceTree = "<group>"; };
		47E806DC2CE1D6E20018B94B /* NetworkManager.swift */ = {isa = PBXFileReference; fileEncoding = 4; lastKnownFileType = sourcecode.swift; path = NetworkManager.swift; sourceTree = "<group>"; };
		47E806DF2CE1D6EB0018B94B /* Utils.swift */ = {isa = PBXFileReference; fileEncoding = 4; lastKnownFileType = sourcecode.swift; path = Utils.swift; sourceTree = "<group>"; };
		47E806E32CE1D7250018B94B /* PortfolioTVCell.swift */ = {isa = PBXFileReference; fileEncoding = 4; lastKnownFileType = sourcecode.swift; path = PortfolioTVCell.swift; sourceTree = "<group>"; };
		47E806E42CE1D7250018B94B /* PortfolioTVCell.xib */ = {isa = PBXFileReference; fileEncoding = 4; lastKnownFileType = file.xib; path = PortfolioTVCell.xib; sourceTree = "<group>"; };
/* End PBXFileReference section */

/* Begin PBXFrameworksBuildPhase section */
		47E806922CE1D1070018B94B /* Frameworks */ = {
			isa = PBXFrameworksBuildPhase;
			buildActionMask = 2147483647;
			files = (
			);
			runOnlyForDeploymentPostprocessing = 0;
		};
		47E806A82CE1D1090018B94B /* Frameworks */ = {
			isa = PBXFrameworksBuildPhase;
			buildActionMask = 2147483647;
			files = (
			);
			runOnlyForDeploymentPostprocessing = 0;
		};
		47E806B22CE1D1090018B94B /* Frameworks */ = {
			isa = PBXFrameworksBuildPhase;
			buildActionMask = 2147483647;
			files = (
			);
			runOnlyForDeploymentPostprocessing = 0;
		};
/* End PBXFrameworksBuildPhase section */

/* Begin PBXGroup section */
		47E8068C2CE1D1070018B94B = {
			isa = PBXGroup;
			children = (
				47E806972CE1D1070018B94B /* UpstoxAssignment */,
				47E806962CE1D1070018B94B /* Products */,
			);
			sourceTree = "<group>";
		};
		47E806962CE1D1070018B94B /* Products */ = {
			isa = PBXGroup;
			children = (
				47E806952CE1D1070018B94B /* UpstoxAssignment.app */,
				47E806AB2CE1D1090018B94B /* UpstoxAssignmentTests.xctest */,
				47E806B52CE1D1090018B94B /* UpstoxAssignmentUITests.xctest */,
			);
			name = Products;
			sourceTree = "<group>";
		};
		47E806972CE1D1070018B94B /* UpstoxAssignment */ = {
			isa = PBXGroup;
			children = (
				47E806E92CE1D7530018B94B /* App */,
				47E806EC2CE1D7B10018B94B /* Utilities */,
				47E806EB2CE1D79B0018B94B /* Networking */,
				47E806EA2CE1D7940018B94B /* Models */,
				47E806ED2CE1D7C10018B94B /* Views */,
				47E806EE2CE1D7D30018B94B /* Controllers */,
				47E806A12CE1D1090018B94B /* Assets.xcassets */,
				47E806A32CE1D1090018B94B /* LaunchScreen.storyboard */,
				47E806A62CE1D1090018B94B /* Info.plist */,
			);
			path = UpstoxAssignment;
			sourceTree = "<group>";
		};
		47E806E22CE1D7250018B94B /* Cells */ = {
			isa = PBXGroup;
			children = (
				47E806E32CE1D7250018B94B /* PortfolioTVCell.swift */,
				47E806E42CE1D7250018B94B /* PortfolioTVCell.xib */,
			);
			path = Cells;
			sourceTree = "<group>";
		};
		47E806E92CE1D7530018B94B /* App */ = {
			isa = PBXGroup;
			children = (
				47E806982CE1D1070018B94B /* AppDelegate.swift */,
				47E8069A2CE1D1070018B94B /* SceneDelegate.swift */,
			);
			path = App;
			sourceTree = "<group>";
		};
		47E806EA2CE1D7940018B94B /* Models */ = {
			isa = PBXGroup;
			children = (
				47E806D92CE1D6B80018B94B /* Holding.swift */,
			);
			path = Models;
			sourceTree = "<group>";
		};
		47E806EB2CE1D79B0018B94B /* Networking */ = {
			isa = PBXGroup;
			children = (
				47E806DC2CE1D6E20018B94B /* NetworkManager.swift */,
			);
			path = Networking;
			sourceTree = "<group>";
		};
		47E806EC2CE1D7B10018B94B /* Utilities */ = {
			isa = PBXGroup;
			children = (
				47E806DF2CE1D6EB0018B94B /* Utils.swift */,
			);
			path = Utilities;
			sourceTree = "<group>";
		};
		47E806ED2CE1D7C10018B94B /* Views */ = {
			isa = PBXGroup;
			children = (
				47E8069E2CE1D1070018B94B /* Main.storyboard */,
				47E806E22CE1D7250018B94B /* Cells */,
			);
			path = Views;
			sourceTree = "<group>";
		};
		47E806EE2CE1D7D30018B94B /* Controllers */ = {
			isa = PBXGroup;
			children = (
				47E8069C2CE1D1070018B94B /* Portfolio.swift */,
			);
			path = Controllers;
			sourceTree = "<group>";
		};
/* End PBXGroup section */

/* Begin PBXNativeTarget section */
		47E806942CE1D1070018B94B /* UpstoxAssignment */ = {
			isa = PBXNativeTarget;
			buildConfigurationList = 47E806BF2CE1D1090018B94B /* Build configuration list for PBXNativeTarget "UpstoxAssignment" */;
			buildPhases = (
				47E806912CE1D1070018B94B /* Sources */,
				47E806922CE1D1070018B94B /* Frameworks */,
				47E806932CE1D1070018B94B /* Resources */,
			);
			buildRules = (
			);
			dependencies = (
			);
			name = UpstoxAssignment;
			productName = UpstoxAssignment;
			productReference = 47E806952CE1D1070018B94B /* UpstoxAssignment.app */;
			productType = "com.apple.product-type.application";
		};
		47E806AA2CE1D1090018B94B /* UpstoxAssignmentTests */ = {
			isa = PBXNativeTarget;
			buildConfigurationList = 47E806C22CE1D1090018B94B /* Build configuration list for PBXNativeTarget "UpstoxAssignmentTests" */;
			buildPhases = (
				47E806A72CE1D1090018B94B /* Sources */,
				47E806A82CE1D1090018B94B /* Frameworks */,
				47E806A92CE1D1090018B94B /* Resources */,
			);
			buildRules = (
			);
			dependencies = (
				47E806AD2CE1D1090018B94B /* PBXTargetDependency */,
			);
			name = UpstoxAssignmentTests;
			productName = UpstoxAssignmentTests;
			productReference = 47E806AB2CE1D1090018B94B /* UpstoxAssignmentTests.xctest */;
			productType = "com.apple.product-type.bundle.unit-test";
		};
		47E806B42CE1D1090018B94B /* UpstoxAssignmentUITests */ = {
			isa = PBXNativeTarget;
			buildConfigurationList = 47E806C52CE1D1090018B94B /* Build configuration list for PBXNativeTarget "UpstoxAssignmentUITests" */;
			buildPhases = (
				47E806B12CE1D1090018B94B /* Sources */,
				47E806B22CE1D1090018B94B /* Frameworks */,
				47E806B32CE1D1090018B94B /* Resources */,
			);
			buildRules = (
			);
			dependencies = (
				47E806B72CE1D1090018B94B /* PBXTargetDependency */,
			);
			name = UpstoxAssignmentUITests;
			productName = UpstoxAssignmentUITests;
			productReference = 47E806B52CE1D1090018B94B /* UpstoxAssignmentUITests.xctest */;
			productType = "com.apple.product-type.bundle.ui-testing";
		};
/* End PBXNativeTarget section */

/* Begin PBXProject section */
		47E8068D2CE1D1070018B94B /* Project object */ = {
			isa = PBXProject;
			attributes = {
				BuildIndependentTargetsInParallel = 1;
				LastSwiftUpdateCheck = 1500;
				LastUpgradeCheck = 1500;
				TargetAttributes = {
					47E806942CE1D1070018B94B = {
						CreatedOnToolsVersion = 15.0.1;
					};
					47E806AA2CE1D1090018B94B = {
						CreatedOnToolsVersion = 15.0.1;
						TestTargetID = 47E806942CE1D1070018B94B;
					};
					47E806B42CE1D1090018B94B = {
						CreatedOnToolsVersion = 15.0.1;
						TestTargetID = 47E806942CE1D1070018B94B;
					};
				};
			};
			buildConfigurationList = 47E806902CE1D1070018B94B /* Build configuration list for PBXProject "UpstoxAssignment" */;
			compatibilityVersion = "Xcode 14.0";
			developmentRegion = en;
			hasScannedForEncodings = 0;
			knownRegions = (
				en,
				Base,
			);
			mainGroup = 47E8068C2CE1D1070018B94B;
			productRefGroup = 47E806962CE1D1070018B94B /* Products */;
			projectDirPath = "";
			projectRoot = "";
			targets = (
				47E806942CE1D1070018B94B /* UpstoxAssignment */,
				47E806AA2CE1D1090018B94B /* UpstoxAssignmentTests */,
				47E806B42CE1D1090018B94B /* UpstoxAssignmentUITests */,
			);
		};
/* End PBXProject section */

/* Begin PBXResourcesBuildPhase section */
		47E806932CE1D1070018B94B /* Resources */ = {
			isa = PBXResourcesBuildPhase;
			buildActionMask = 2147483647;
			files = (
				47E806E72CE1D7250018B94B /* PortfolioTVCell.xib in Resources */,
				47E806A52CE1D1090018B94B /* LaunchScreen.storyboard in Resources */,
				47E806A22CE1D1090018B94B /* Assets.xcassets in Resources */,
				47E806A02CE1D1070018B94B /* Main.storyboard in Resources */,
			);
			runOnlyForDeploymentPostprocessing = 0;
		};
		47E806A92CE1D1090018B94B /* Resources */ = {
			isa = PBXResourcesBuildPhase;
			buildActionMask = 2147483647;
			files = (
				47E806E82CE1D7250018B94B /* PortfolioTVCell.xib in Resources */,
			);
			runOnlyForDeploymentPostprocessing = 0;
		};
		47E806B32CE1D1090018B94B /* Resources */ = {
			isa = PBXResourcesBuildPhase;
			buildActionMask = 2147483647;
			files = (
			);
			runOnlyForDeploymentPostprocessing = 0;
		};
/* End PBXResourcesBuildPhase section */

/* Begin PBXSourcesBuildPhase section */
		47E806912CE1D1070018B94B /* Sources */ = {
			isa = PBXSourcesBuildPhase;
			buildActionMask = 2147483647;
			files = (
				47E8069D2CE1D1070018B94B /* Portfolio.swift in Sources */,
				47E806DA2CE1D6B80018B94B /* Holding.swift in Sources */,
				47E806DD2CE1D6E20018B94B /* NetworkManager.swift in Sources */,
				47E806992CE1D1070018B94B /* AppDelegate.swift in Sources */,
				47E8069B2CE1D1070018B94B /* SceneDelegate.swift in Sources */,
				47E806E02CE1D6EB0018B94B /* Utils.swift in Sources */,
				47E806E52CE1D7250018B94B /* PortfolioTVCell.swift in Sources */,
			);
			runOnlyForDeploymentPostprocessing = 0;
		};
		47E806A72CE1D1090018B94B /* Sources */ = {
			isa = PBXSourcesBuildPhase;
			buildActionMask = 2147483647;
			files = (
				47E806DE2CE1D6E20018B94B /* NetworkManager.swift in Sources */,
				47E806E62CE1D7250018B94B /* PortfolioTVCell.swift in Sources */,
				47E806DB2CE1D6B80018B94B /* Holding.swift in Sources */,
				47E806E12CE1D6EB0018B94B /* Utils.swift in Sources */,
			);
			runOnlyForDeploymentPostprocessing = 0;
		};
		47E806B12CE1D1090018B94B /* Sources */ = {
			isa = PBXSourcesBuildPhase;
			buildActionMask = 2147483647;
			files = (
			);
			runOnlyForDeploymentPostprocessing = 0;
		};
/* End PBXSourcesBuildPhase section */

/* Begin PBXTargetDependency section */
		47E806AD2CE1D1090018B94B /* PBXTargetDependency */ = {
			isa = PBXTargetDependency;
			target = 47E806942CE1D1070018B94B /* UpstoxAssignment */;
			targetProxy = 47E806AC2CE1D1090018B94B /* PBXContainerItemProxy */;
		};
		47E806B72CE1D1090018B94B /* PBXTargetDependency */ = {
			isa = PBXTargetDependency;
			target = 47E806942CE1D1070018B94B /* UpstoxAssignment */;
			targetProxy = 47E806B62CE1D1090018B94B /* PBXContainerItemProxy */;
		};
/* End PBXTargetDependency section */

/* Begin PBXVariantGroup section */
		47E8069E2CE1D1070018B94B /* Main.storyboard */ = {
			isa = PBXVariantGroup;
			children = (
				47E8069F2CE1D1070018B94B /* Base */,
			);
			name = Main.storyboard;
			sourceTree = "<group>";
		};
		47E806A32CE1D1090018B94B /* LaunchScreen.storyboard */ = {
			isa = PBXVariantGroup;
			children = (
				47E806A42CE1D1090018B94B /* Base */,
			);
			name = LaunchScreen.storyboard;
			sourceTree = "<group>";
		};
/* End PBXVariantGroup section */

/* Begin XCBuildConfiguration section */
		47E806BD2CE1D1090018B94B /* Debug */ = {
			isa = XCBuildConfiguration;
			buildSettings = {
				ALWAYS_SEARCH_USER_PATHS = NO;
				ASSETCATALOG_COMPILER_GENERATE_SWIFT_ASSET_SYMBOL_EXTENSIONS = YES;
				CLANG_ANALYZER_NONNULL = YES;
				CLANG_ANALYZER_NUMBER_OBJECT_CONVERSION = YES_AGGRESSIVE;
				CLANG_CXX_LANGUAGE_STANDARD = "gnu++20";
				CLANG_ENABLE_MODULES = YES;
				CLANG_ENABLE_OBJC_ARC = YES;
				CLANG_ENABLE_OBJC_WEAK = YES;
				CLANG_WARN_BLOCK_CAPTURE_AUTORELEASING = YES;
				CLANG_WARN_BOOL_CONVERSION = YES;
				CLANG_WARN_COMMA = YES;
				CLANG_WARN_CONSTANT_CONVERSION = YES;
				CLANG_WARN_DEPRECATED_OBJC_IMPLEMENTATIONS = YES;
				CLANG_WARN_DIRECT_OBJC_ISA_USAGE = YES_ERROR;
				CLANG_WARN_DOCUMENTATION_COMMENTS = YES;
				CLANG_WARN_EMPTY_BODY = YES;
				CLANG_WARN_ENUM_CONVERSION = YES;
				CLANG_WARN_INFINITE_RECURSION = YES;
				CLANG_WARN_INT_CONVERSION = YES;
				CLANG_WARN_NON_LITERAL_NULL_CONVERSION = YES;
				CLANG_WARN_OBJC_IMPLICIT_RETAIN_SELF = YES;
				CLANG_WARN_OBJC_LITERAL_CONVERSION = YES;
				CLANG_WARN_OBJC_ROOT_CLASS = YES_ERROR;
				CLANG_WARN_QUOTED_INCLUDE_IN_FRAMEWORK_HEADER = YES;
				CLANG_WARN_RANGE_LOOP_ANALYSIS = YES;
				CLANG_WARN_STRICT_PROTOTYPES = YES;
				CLANG_WARN_SUSPICIOUS_MOVE = YES;
				CLANG_WARN_UNGUARDED_AVAILABILITY = YES_AGGRESSIVE;
				CLANG_WARN_UNREACHABLE_CODE = YES;
				CLANG_WARN__DUPLICATE_METHOD_MATCH = YES;
				COPY_PHASE_STRIP = NO;
				DEBUG_INFORMATION_FORMAT = dwarf;
				ENABLE_STRICT_OBJC_MSGSEND = YES;
				ENABLE_TESTABILITY = YES;
				ENABLE_USER_SCRIPT_SANDBOXING = YES;
				GCC_C_LANGUAGE_STANDARD = gnu17;
				GCC_DYNAMIC_NO_PIC = NO;
				GCC_NO_COMMON_BLOCKS = YES;
				GCC_OPTIMIZATION_LEVEL = 0;
				GCC_PREPROCESSOR_DEFINITIONS = (
					"DEBUG=1",
					"$(inherited)",
				);
				GCC_WARN_64_TO_32_BIT_CONVERSION = YES;
				GCC_WARN_ABOUT_RETURN_TYPE = YES_ERROR;
				GCC_WARN_UNDECLARED_SELECTOR = YES;
				GCC_WARN_UNINITIALIZED_AUTOS = YES_AGGRESSIVE;
				GCC_WARN_UNUSED_FUNCTION = YES;
				GCC_WARN_UNUSED_VARIABLE = YES;
				IPHONEOS_DEPLOYMENT_TARGET = 17.0;
				LOCALIZATION_PREFERS_STRING_CATALOGS = YES;
				MTL_ENABLE_DEBUG_INFO = INCLUDE_SOURCE;
				MTL_FAST_MATH = YES;
				ONLY_ACTIVE_ARCH = YES;
				SDKROOT = iphoneos;
				SWIFT_ACTIVE_COMPILATION_CONDITIONS = "DEBUG $(inherited)";
				SWIFT_OPTIMIZATION_LEVEL = "-Onone";
			};
			name = Debug;
		};
		47E806BE2CE1D1090018B94B /* Release */ = {
			isa = XCBuildConfiguration;
			buildSettings = {
				ALWAYS_SEARCH_USER_PATHS = NO;
				ASSETCATALOG_COMPILER_GENERATE_SWIFT_ASSET_SYMBOL_EXTENSIONS = YES;
				CLANG_ANALYZER_NONNULL = YES;
				CLANG_ANALYZER_NUMBER_OBJECT_CONVERSION = YES_AGGRESSIVE;
				CLANG_CXX_LANGUAGE_STANDARD = "gnu++20";
				CLANG_ENABLE_MODULES = YES;
				CLANG_ENABLE_OBJC_ARC = YES;
				CLANG_ENABLE_OBJC_WEAK = YES;
				CLANG_WARN_BLOCK_CAPTURE_AUTORELEASING = YES;
				CLANG_WARN_BOOL_CONVERSION = YES;
				CLANG_WARN_COMMA = YES;
				CLANG_WARN_CONSTANT_CONVERSION = YES;
				CLANG_WARN_DEPRECATED_OBJC_IMPLEMENTATIONS = YES;
				CLANG_WARN_DIRECT_OBJC_ISA_USAGE = YES_ERROR;
				CLANG_WARN_DOCUMENTATION_COMMENTS = YES;
				CLANG_WARN_EMPTY_BODY = YES;
				CLANG_WARN_ENUM_CONVERSION = YES;
				CLANG_WARN_INFINITE_RECURSION = YES;
				CLANG_WARN_INT_CONVERSION = YES;
				CLANG_WARN_NON_LITERAL_NULL_CONVERSION = YES;
				CLANG_WARN_OBJC_IMPLICIT_RETAIN_SELF = YES;
				CLANG_WARN_OBJC_LITERAL_CONVERSION = YES;
				CLANG_WARN_OBJC_ROOT_CLASS = YES_ERROR;
				CLANG_WARN_QUOTED_INCLUDE_IN_FRAMEWORK_HEADER = YES;
				CLANG_WARN_RANGE_LOOP_ANALYSIS = YES;
				CLANG_WARN_STRICT_PROTOTYPES = YES;
				CLANG_WARN_SUSPICIOUS_MOVE = YES;
				CLANG_WARN_UNGUARDED_AVAILABILITY = YES_AGGRESSIVE;
				CLANG_WARN_UNREACHABLE_CODE = YES;
				CLANG_WARN__DUPLICATE_METHOD_MATCH = YES;
				COPY_PHASE_STRIP = NO;
				DEBUG_INFORMATION_FORMAT = "dwarf-with-dsym";
				ENABLE_NS_ASSERTIONS = NO;
				ENABLE_STRICT_OBJC_MSGSEND = YES;
				ENABLE_USER_SCRIPT_SANDBOXING = YES;
				GCC_C_LANGUAGE_STANDARD = gnu17;
				GCC_NO_COMMON_BLOCKS = YES;
				GCC_WARN_64_TO_32_BIT_CONVERSION = YES;
				GCC_WARN_ABOUT_RETURN_TYPE = YES_ERROR;
				GCC_WARN_UNDECLARED_SELECTOR = YES;
				GCC_WARN_UNINITIALIZED_AUTOS = YES_AGGRESSIVE;
				GCC_WARN_UNUSED_FUNCTION = YES;
				GCC_WARN_UNUSED_VARIABLE = YES;
				IPHONEOS_DEPLOYMENT_TARGET = 17.0;
				LOCALIZATION_PREFERS_STRING_CATALOGS = YES;
				MTL_ENABLE_DEBUG_INFO = NO;
				MTL_FAST_MATH = YES;
				SDKROOT = iphoneos;
				SWIFT_COMPILATION_MODE = wholemodule;
				VALIDATE_PRODUCT = YES;
			};
			name = Release;
		};
		47E806C02CE1D1090018B94B /* Debug */ = {
			isa = XCBuildConfiguration;
			buildSettings = {
				ASSETCATALOG_COMPILER_APPICON_NAME = AppIcon;
				ASSETCATALOG_COMPILER_GLOBAL_ACCENT_COLOR_NAME = AccentColor;
				CODE_SIGN_STYLE = Automatic;
				CURRENT_PROJECT_VERSION = 1;
				DEVELOPMENT_TEAM = XX35C9F7P8;
				GENERATE_INFOPLIST_FILE = YES;
				INFOPLIST_FILE = UpstoxAssignment/Info.plist;
				INFOPLIST_KEY_UIApplicationSupportsIndirectInputEvents = YES;
				INFOPLIST_KEY_UILaunchStoryboardName = LaunchScreen;
				INFOPLIST_KEY_UIMainStoryboardFile = Main;
				INFOPLIST_KEY_UISupportedInterfaceOrientations = UIInterfaceOrientationPortrait;
				INFOPLIST_KEY_UISupportedInterfaceOrientations_iPad = "UIInterfaceOrientationLandscapeLeft UIInterfaceOrientationLandscapeRight UIInterfaceOrientationPortrait UIInterfaceOrientationPortraitUpsideDown";
				LD_RUNPATH_SEARCH_PATHS = (
					"$(inherited)",
					"@executable_path/Frameworks",
				);
				MARKETING_VERSION = 1.0;
				PRODUCT_BUNDLE_IDENTIFIER = com.vinodkr.UpstoxAssignment;
				PRODUCT_NAME = "$(TARGET_NAME)";
				SUPPORTED_PLATFORMS = "iphoneos iphonesimulator";
				SUPPORTS_MACCATALYST = NO;
				SUPPORTS_MAC_DESIGNED_FOR_IPHONE_IPAD = NO;
				SWIFT_EMIT_LOC_STRINGS = YES;
				SWIFT_VERSION = 5.0;
				TARGETED_DEVICE_FAMILY = 1;
			};
			name = Debug;
		};
		47E806C12CE1D1090018B94B /* Release */ = {
			isa = XCBuildConfiguration;
			buildSettings = {
				ASSETCATALOG_COMPILER_APPICON_NAME = AppIcon;
				ASSETCATALOG_COMPILER_GLOBAL_ACCENT_COLOR_NAME = AccentColor;
				CODE_SIGN_STYLE = Automatic;
				CURRENT_PROJECT_VERSION = 1;
				DEVELOPMENT_TEAM = XX35C9F7P8;
				GENERATE_INFOPLIST_FILE = YES;
				INFOPLIST_FILE = UpstoxAssignment/Info.plist;
				INFOPLIST_KEY_UIApplicationSupportsIndirectInputEvents = YES;
				INFOPLIST_KEY_UILaunchStoryboardName = LaunchScreen;
				INFOPLIST_KEY_UIMainStoryboardFile = Main;
				INFOPLIST_KEY_UISupportedInterfaceOrientations = UIInterfaceOrientationPortrait;
				INFOPLIST_KEY_UISupportedInterfaceOrientations_iPad = "UIInterfaceOrientationLandscapeLeft UIInterfaceOrientationLandscapeRight UIInterfaceOrientationPortrait UIInterfaceOrientationPortraitUpsideDown";
				LD_RUNPATH_SEARCH_PATHS = (
					"$(inherited)",
					"@executable_path/Frameworks",
				);
				MARKETING_VERSION = 1.0;
				PRODUCT_BUNDLE_IDENTIFIER = com.vinodkr.UpstoxAssignment;
				PRODUCT_NAME = "$(TARGET_NAME)";
				SUPPORTED_PLATFORMS = "iphoneos iphonesimulator";
				SUPPORTS_MACCATALYST = NO;
				SUPPORTS_MAC_DESIGNED_FOR_IPHONE_IPAD = NO;
				SWIFT_EMIT_LOC_STRINGS = YES;
				SWIFT_VERSION = 5.0;
				TARGETED_DEVICE_FAMILY = 1;
			};
			name = Release;
		};
		47E806C32CE1D1090018B94B /* Debug */ = {
			isa = XCBuildConfiguration;
			buildSettings = {
				ALWAYS_EMBED_SWIFT_STANDARD_LIBRARIES = YES;
				BUNDLE_LOADER = "$(TEST_HOST)";
				CODE_SIGN_STYLE = Automatic;
				CURRENT_PROJECT_VERSION = 1;
				DEVELOPMENT_TEAM = XX35C9F7P8;
				GENERATE_INFOPLIST_FILE = YES;
				IPHONEOS_DEPLOYMENT_TARGET = 17.0;
				MARKETING_VERSION = 1.0;
				PRODUCT_BUNDLE_IDENTIFIER = com.vinodkr.UpstoxAssignmentTests;
				PRODUCT_NAME = "$(TARGET_NAME)";
				SWIFT_EMIT_LOC_STRINGS = NO;
				SWIFT_VERSION = 5.0;
				TARGETED_DEVICE_FAMILY = "1,2";
				TEST_HOST = "$(BUILT_PRODUCTS_DIR)/UpstoxAssignment.app/$(BUNDLE_EXECUTABLE_FOLDER_PATH)/UpstoxAssignment";
			};
			name = Debug;
		};
		47E806C42CE1D1090018B94B /* Release */ = {
			isa = XCBuildConfiguration;
			buildSettings = {
				ALWAYS_EMBED_SWIFT_STANDARD_LIBRARIES = YES;
				BUNDLE_LOADER = "$(TEST_HOST)";
				CODE_SIGN_STYLE = Automatic;
				CURRENT_PROJECT_VERSION = 1;
				DEVELOPMENT_TEAM = XX35C9F7P8;
				GENERATE_INFOPLIST_FILE = YES;
				IPHONEOS_DEPLOYMENT_TARGET = 17.0;
				MARKETING_VERSION = 1.0;
				PRODUCT_BUNDLE_IDENTIFIER = com.vinodkr.UpstoxAssignmentTests;
				PRODUCT_NAME = "$(TARGET_NAME)";
				SWIFT_EMIT_LOC_STRINGS = NO;
				SWIFT_VERSION = 5.0;
				TARGETED_DEVICE_FAMILY = "1,2";
				TEST_HOST = "$(BUILT_PRODUCTS_DIR)/UpstoxAssignment.app/$(BUNDLE_EXECUTABLE_FOLDER_PATH)/UpstoxAssignment";
			};
			name = Release;
		};
		47E806C62CE1D1090018B94B /* Debug */ = {
			isa = XCBuildConfiguration;
			buildSettings = {
				ALWAYS_EMBED_SWIFT_STANDARD_LIBRARIES = YES;
				CODE_SIGN_STYLE = Automatic;
				CURRENT_PROJECT_VERSION = 1;
				DEVELOPMENT_TEAM = XX35C9F7P8;
				GENERATE_INFOPLIST_FILE = YES;
				MARKETING_VERSION = 1.0;
				PRODUCT_BUNDLE_IDENTIFIER = com.vinodkr.UpstoxAssignmentUITests;
				PRODUCT_NAME = "$(TARGET_NAME)";
				SWIFT_EMIT_LOC_STRINGS = NO;
				SWIFT_VERSION = 5.0;
				TARGETED_DEVICE_FAMILY = "1,2";
				TEST_TARGET_NAME = UpstoxAssignment;
			};
			name = Debug;
		};
		47E806C72CE1D1090018B94B /* Release */ = {
			isa = XCBuildConfiguration;
			buildSettings = {
				ALWAYS_EMBED_SWIFT_STANDARD_LIBRARIES = YES;
				CODE_SIGN_STYLE = Automatic;
				CURRENT_PROJECT_VERSION = 1;
				DEVELOPMENT_TEAM = XX35C9F7P8;
				GENERATE_INFOPLIST_FILE = YES;
				MARKETING_VERSION = 1.0;
				PRODUCT_BUNDLE_IDENTIFIER = com.vinodkr.UpstoxAssignmentUITests;
				PRODUCT_NAME = "$(TARGET_NAME)";
				SWIFT_EMIT_LOC_STRINGS = NO;
				SWIFT_VERSION = 5.0;
				TARGETED_DEVICE_FAMILY = "1,2";
				TEST_TARGET_NAME = UpstoxAssignment;
			};
			name = Release;
		};
/* End XCBuildConfiguration section */

/* Begin XCConfigurationList section */
		47E806902CE1D1070018B94B /* Build configuration list for PBXProject "UpstoxAssignment" */ = {
			isa = XCConfigurationList;
			buildConfigurations = (
				47E806BD2CE1D1090018B94B /* Debug */,
				47E806BE2CE1D1090018B94B /* Release */,
			);
			defaultConfigurationIsVisible = 0;
			defaultConfigurationName = Release;
		};
		47E806BF2CE1D1090018B94B /* Build configuration list for PBXNativeTarget "UpstoxAssignment" */ = {
			isa = XCConfigurationList;
			buildConfigurations = (
				47E806C02CE1D1090018B94B /* Debug */,
				47E806C12CE1D1090018B94B /* Release */,
			);
			defaultConfigurationIsVisible = 0;
			defaultConfigurationName = Release;
		};
		47E806C22CE1D1090018B94B /* Build configuration list for PBXNativeTarget "UpstoxAssignmentTests" */ = {
			isa = XCConfigurationList;
			buildConfigurations = (
				47E806C32CE1D1090018B94B /* Debug */,
				47E806C42CE1D1090018B94B /* Release */,
			);
			defaultConfigurationIsVisible = 0;
			defaultConfigurationName = Release;
		};
		47E806C52CE1D1090018B94B /* Build configuration list for PBXNativeTarget "UpstoxAssignmentUITests" */ = {
			isa = XCConfigurationList;
			buildConfigurations = (
				47E806C62CE1D1090018B94B /* Debug */,
				47E806C72CE1D1090018B94B /* Release */,
			);
			defaultConfigurationIsVisible = 0;
			defaultConfigurationName = Release;
		};
/* End XCConfigurationList section */
	};
	rootObject = 47E8068D2CE1D1070018B94B /* Project object */;
}
